{
  "name": "skylark-slideout",
  "version": "0.9.0",
  "lockfileVersion": 1,
  "requires": true,
  "dependencies": {
    "skylark-jquery": {
      "version": "git+https://github.com/skylark-integration/skylark-jquery.git#a1774d76b60779631601d3ed878cae35c2799390",
      "from": "git+https://github.com/skylark-integration/skylark-jquery.git#master",
      "requires": {
        "skylark-langx": "git+https://github.com/skylarklangx/skylark-langx.git#master",
        "skylark-utils-dom": "git+https://github.com/skylarkutils/skylark-utils-dom.git#master"
      }
    },
    "skylark-langx": {
      "version": "git+https://github.com/skylarklangx/skylark-langx.git#4d07bbd4a31bb9dfef5e87b9c432733dd0d04a83",
      "from": "git+https://github.com/skylarklangx/skylark-langx.git#master"
    },
    "skylark-utils-dom": {
      "version": "git+https://github.com/skylarkutils/skylark-utils-dom.git#fb1846f888424849ade8679fb17c5867d138c4c3",
      "from": "git+https://github.com/skylarkutils/skylark-utils-dom.git#master",
      "requires": {
        "skylark-langx": "git+https://github.com/skylarklangx/skylark-langx.git#master"
      }
    }
  }
}
