{
  "name": "skylark-slideout",
  "version": "0.9.0",
  "lockfileVersion": 1,
  "requires": true,
  "dependencies": {
    "skylark-domx-animates": {
      "version": "git+https://github.com/skylark-domx/skylark-domx-animates.git#c867ed7da6138d14e396bff5c412fb3d2687153a",
      "from": "git+https://github.com/skylark-domx/skylark-domx-animates.git",
      "requires": {
        "skylark-domx-browser": "git+https://github.com/skylark-domx/skylark-domx-browser.git",
        "skylark-domx-eventer": "git+https://github.com/skylark-domx/skylark-domx-eventer.git",
        "skylark-domx-geom": "git+https://github.com/skylark-domx/skylark-domx-geom.git",
        "skylark-domx-noder": "git+https://github.com/skylark-domx/skylark-domx-noder.git",
        "skylark-domx-query": "git+https://github.com/skylark-domx/skylark-domx-query.git",
        "skylark-domx-styler": "git+https://github.com/skylark-domx/skylark-domx-styler.git",
        "skylark-domx-velm": "git+https://github.com/skylark-domx/skylark-domx-velm.git",
        "skylark-langx": "git+https://github.com/skylark-langx/skylark-langx.git"
      }
    },
    "skylark-domx-browser": {
      "version": "git+https://github.com/skylark-domx/skylark-domx-browser.git#3d11f2dd2f9db5f907df80619a502bb04cf1a5ff",
      "from": "git+https://github.com/skylark-domx/skylark-domx-browser.git",
      "requires": {
        "skylark-langx": "git+https://github.com/skylark-langx/skylark-langx.git"
      }
    },
    "skylark-domx-data": {
      "version": "git+https://github.com/skylark-domx/skylark-domx-data.git#7ff9b18318a893fd911eb2b0f063ea4d86a5b7f1",
      "from": "git+https://github.com/skylark-domx/skylark-domx-data.git",
      "requires": {
        "skylark-domx-finder": "git+https://github.com/skylark-domx/skylark-domx-finder.git",
        "skylark-domx-noder": "git+https://github.com/skylark-domx/skylark-domx-noder.git",
        "skylark-domx-query": "git+https://github.com/skylark-domx/skylark-domx-query.git",
        "skylark-domx-velm": "git+https://github.com/skylark-domx/skylark-domx-velm.git",
        "skylark-langx": "git+https://github.com/skylark-langx/skylark-langx.git"
      }
    },
    "skylark-domx-eventer": {
      "version": "git+https://github.com/skylark-domx/skylark-domx-eventer.git#6bab6ef8a0732e5e1813a6508aacb76253c7ec5e",
      "from": "git+https://github.com/skylark-domx/skylark-domx-eventer.git",
      "requires": {
        "skylark-domx-browser": "git+https://github.com/skylark-domx/skylark-domx-browser.git",
        "skylark-domx-data": "git+https://github.com/skylark-domx/skylark-domx-data.git",
        "skylark-domx-finder": "git+https://github.com/skylark-domx/skylark-domx-finder.git",
        "skylark-domx-noder": "git+https://github.com/skylark-domx/skylark-domx-noder.git",
        "skylark-domx-query": "git+https://github.com/skylark-domx/skylark-domx-query.git",
        "skylark-domx-velm": "git+https://github.com/skylark-domx/skylark-domx-velm.git",
        "skylark-langx": "git+https://github.com/skylark-langx/skylark-langx.git"
      }
    },
    "skylark-domx-finder": {
      "version": "git+https://github.com/skylark-domx/skylark-domx-finder.git#dcf97a7e852be243cb9d6ea7f5d21f6fef2ab84f",
      "from": "git+https://github.com/skylark-domx/skylark-domx-finder.git",
      "requires": {
        "skylark-domx-browser": "git+https://github.com/skylark-domx/skylark-domx-browser.git",
        "skylark-domx-noder": "git+https://github.com/skylark-domx/skylark-domx-noder.git",
        "skylark-domx-styler": "git+https://github.com/skylark-domx/skylark-domx-styler.git",
        "skylark-langx": "git+https://github.com/skylark-langx/skylark-langx.git"
      }
    },
    "skylark-domx-forms": {
      "version": "git+https://github.com/skylark-domx/skylark-domx-forms.git#f1f645ce8111599dcb66b3c915d28a1b11e91b07",
      "from": "git+https://github.com/skylark-domx/skylark-domx-forms.git",
      "requires": {
        "skylark-domx-data": "git+https://github.com/skylark-domx/skylark-domx-data.git",
        "skylark-domx-query": "git+https://github.com/skylark-domx/skylark-domx-query.git",
        "skylark-domx-velm": "git+https://github.com/skylark-domx/skylark-domx-velm.git",
        "skylark-langx": "git+https://github.com/skylark-langx/skylark-langx.git"
      }
    },
    "skylark-domx-fx": {
      "version": "git+https://github.com/skylark-domx/skylark-domx-fx.git#5a1d4b532f4ee3a015f4e5b5f8ae73766ed4771b",
      "from": "git+https://github.com/skylark-domx/skylark-domx-fx.git",
      "requires": {
        "skylark-domx-animates": "git+https://github.com/skylark-domx/skylark-domx-animates.git",
        "skylark-domx-transits": "git+https://github.com/skylark-domx/skylark-domx-transits.git",
        "skylark-langx": "git+https://github.com/skylark-langx/skylark-langx.git"
      }
    },
    "skylark-domx-geom": {
      "version": "git+https://github.com/skylark-domx/skylark-domx-geom.git#051363c4423a694afff8bee3c52b7909ba90f604",
      "from": "git+https://github.com/skylark-domx/skylark-domx-geom.git",
      "requires": {
        "skylark-domx-noder": "git+https://github.com/skylark-domx/skylark-domx-noder.git",
        "skylark-domx-query": "git+https://github.com/skylark-domx/skylark-domx-query.git",
        "skylark-domx-styler": "git+https://github.com/skylark-domx/skylark-domx-styler.git",
        "skylark-domx-velm": "git+https://github.com/skylark-domx/skylark-domx-velm.git",
        "skylark-langx": "git+https://github.com/skylark-langx/skylark-langx.git"
      }
    },
    "skylark-domx-noder": {
      "version": "git+https://github.com/skylark-domx/skylark-domx-noder.git#427b9b07e55649fa0e0b1e2cb5b6751e3649d0a8",
      "from": "git+https://github.com/skylark-domx/skylark-domx-noder.git",
      "requires": {
        "skylark-domx-browser": "git+https://github.com/skylark-domx/skylark-domx-browser.git",
        "skylark-domx-styler": "git+https://github.com/skylark-domx/skylark-domx-styler.git",
        "skylark-langx": "git+https://github.com/skylark-langx/skylark-langx.git",
        "skylark-langx-scripter": "git+https://github.com/skylark-langx/skylark-langx-scripter.git"
      }
    },
    "skylark-domx-plugins-base": {
      "version": "git+https://github.com/skylark-domx-plugins/skylark-domx-plugins-base.git#d3913cc47cb3b0d1e646a29c841e83098f6a4790",
      "from": "git+https://github.com/skylark-domx-plugins/skylark-domx-plugins-base.git",
      "requires": {
        "skylark-domx-data": "git+https://github.com/skylark-domx/skylark-domx-data.git",
        "skylark-domx-eventer": "git+https://github.com/skylark-domx/skylark-domx-eventer.git",
        "skylark-domx-finder": "git+https://github.com/skylark-domx/skylark-domx-finder.git",
        "skylark-domx-fx": "git+https://github.com/skylark-domx/skylark-domx-fx.git",
        "skylark-domx-geom": "git+https://github.com/skylark-domx/skylark-domx-geom.git",
        "skylark-domx-noder": "git+https://github.com/skylark-domx/skylark-domx-noder.git",
        "skylark-domx-query": "git+https://github.com/skylark-domx/skylark-domx-query.git",
        "skylark-domx-styler": "git+https://github.com/skylark-domx/skylark-domx-styler.git",
        "skylark-domx-velm": "git+https://github.com/skylark-domx/skylark-domx-velm.git",
        "skylark-langx": "git+https://github.com/skylark-langx/skylark-langx.git"
      }
    },
    "skylark-domx-query": {
      "version": "git+https://github.com/skylark-domx/skylark-domx-query.git#2d91f537c58820d6b386eca54b475072a53166a9",
      "from": "git+https://github.com/skylark-domx/skylark-domx-query.git",
      "requires": {
        "skylark-domx-browser": "git+https://github.com/skylark-domx/skylark-domx-browser.git",
        "skylark-domx-finder": "git+https://github.com/skylark-domx/skylark-domx-finder.git",
        "skylark-domx-noder": "git+https://github.com/skylark-domx/skylark-domx-noder.git",
        "skylark-domx-styler": "git+https://github.com/skylark-domx/skylark-domx-styler.git",
        "skylark-langx": "git+https://github.com/skylark-langx/skylark-langx.git"
      }
    },
    "skylark-domx-styler": {
      "version": "git+https://github.com/skylark-domx/skylark-domx-styler.git#7fe743255ced695f7029b196cb84f66960bd7f16",
      "from": "git+https://github.com/skylark-domx/skylark-domx-styler.git",
      "requires": {
        "skylark-langx": "git+https://github.com/skylark-langx/skylark-langx.git"
      }
    },
    "skylark-domx-transits": {
      "version": "git+https://github.com/skylark-domx/skylark-domx-transits.git#84ffe794e447f1e8b8256aa3f56ffd3580eae3a9",
      "from": "git+https://github.com/skylark-domx/skylark-domx-transits.git",
      "requires": {
        "skylark-domx-browser": "git+https://github.com/skylark-domx/skylark-domx-browser.git",
        "skylark-domx-eventer": "git+https://github.com/skylark-domx/skylark-domx-eventer.git",
        "skylark-domx-geom": "git+https://github.com/skylark-domx/skylark-domx-geom.git",
        "skylark-domx-noder": "git+https://github.com/skylark-domx/skylark-domx-noder.git",
        "skylark-domx-query": "git+https://github.com/skylark-domx/skylark-domx-query.git",
        "skylark-domx-styler": "git+https://github.com/skylark-domx/skylark-domx-styler.git",
        "skylark-domx-velm": "git+https://github.com/skylark-domx/skylark-domx-velm.git",
        "skylark-langx": "git+https://github.com/skylark-langx/skylark-langx.git"
      }
    },
    "skylark-domx-velm": {
      "version": "git+https://github.com/skylark-domx/skylark-domx-velm.git#542a4cfe908fb198e79b532df6c1e4416115691b",
      "from": "git+https://github.com/skylark-domx/skylark-domx-velm.git",
      "requires": {
        "skylark-domx-finder": "git+https://github.com/skylark-domx/skylark-domx-finder.git",
        "skylark-domx-noder": "git+https://github.com/skylark-domx/skylark-domx-noder.git",
        "skylark-domx-query": "git+https://github.com/skylark-domx/skylark-domx-query.git",
        "skylark-domx-styler": "git+https://github.com/skylark-domx/skylark-domx-styler.git",
        "skylark-langx": "git+https://github.com/skylark-langx/skylark-langx.git"
      }
    },
    "skylark-jquery": {
      "version": "git+https://github.com/skylark-integration/skylark-jquery.git#9629e2ce55ef80d1348d34c004ec405018c22aff",
      "from": "git+https://github.com/skylark-integration/skylark-jquery.git",
      "requires": {
        "skylark-domx-data": "git+https://github.com/skylark-domx/skylark-domx-data.git",
        "skylark-domx-eventer": "git+https://github.com/skylark-domx/skylark-domx-eventer.git",
        "skylark-domx-finder": "git+https://github.com/skylark-domx/skylark-domx-finder.git",
        "skylark-domx-forms": "git+https://github.com/skylark-domx/skylark-domx-forms.git",
        "skylark-domx-fx": "git+https://github.com/skylark-domx/skylark-domx-fx.git",
        "skylark-domx-geom": "git+https://github.com/skylark-domx/skylark-domx-geom.git",
        "skylark-domx-noder": "git+https://github.com/skylark-domx/skylark-domx-noder.git",
        "skylark-domx-plugins-base": "git+https://github.com/skylark-domx-plugins/skylark-domx-plugins-base.git",
        "skylark-domx-query": "git+https://github.com/skylark-domx/skylark-domx-query.git",
        "skylark-domx-styler": "git+https://github.com/skylark-domx/skylark-domx-styler.git",
        "skylark-domx-velm": "git+https://github.com/skylark-domx/skylark-domx-velm.git",
        "skylark-langx": "git+https://github.com/skylark-langx/skylark-langx.git",
        "skylark-langx-scripter": "git+https://github.com/skylark-langx/skylark-langx-scripter.git",
        "skylark-net-http": "git+https://github.com/skylark-net/skylark-net-http.git"
      }
    },
    "skylark-langx": {
      "version": "git+https://github.com/skylark-langx/skylark-langx.git#3d065726916974fac4e7044810005f0b2e8bc10d",
      "from": "git+https://github.com/skylark-langx/skylark-langx.git",
      "requires": {
        "skylark-langx-arrays": "git+https://github.com/skylark-langx/skylark-langx-arrays.git",
        "skylark-langx-aspect": "git+https://github.com/skylark-langx/skylark-langx-aspect.git",
        "skylark-langx-async": "git+https://github.com/skylark-langx/skylark-langx-async.git",
        "skylark-langx-binary": "git+https://github.com/skylark-langx/skylark-langx-binary.git",
        "skylark-langx-constructs": "git+https://github.com/skylark-langx/skylark-langx-constructs.git",
        "skylark-langx-datetimes": "git+https://github.com/skylark-langx/skylark-langx-datetimes.git",
        "skylark-langx-events": "git+https://github.com/skylark-langx/skylark-langx-events.git",
        "skylark-langx-funcs": "git+https://github.com/skylark-langx/skylark-langx-funcs.git",
        "skylark-langx-globals": "git+https://github.com/skylark-langx/skylark-langx-globals.git",
        "skylark-langx-hoster": "git+https://github.com/skylark-langx/skylark-langx-hoster.git",
        "skylark-langx-klass": "git+https://github.com/skylark-langx/skylark-langx-klass.git",
        "skylark-langx-maths": "git+https://github.com/skylark-langx/skylark-langx-maths.git",
        "skylark-langx-ns": "git+https://github.com/skylark-langx/skylark-langx-ns.git",
        "skylark-langx-numerics": "git+https://github.com/skylark-langx/skylark-langx-numerics.git",
        "skylark-langx-objects": "git+https://github.com/skylark-langx/skylark-langx-objects.git",
        "skylark-langx-strings": "git+https://github.com/skylark-langx/skylark-langx-strings.git",
        "skylark-langx-topic": "git+https://github.com/skylark-langx/skylark-langx-topic.git",
        "skylark-langx-types": "git+https://github.com/skylark-langx/skylark-langx-types.git"
      }
    },
    "skylark-langx-arrays": {
      "version": "git+https://github.com/skylark-langx/skylark-langx-arrays.git#8ac0d747dbf74bae62698ed5fda04696c2f97345",
      "from": "git+https://github.com/skylark-langx/skylark-langx-arrays.git",
      "requires": {
        "skylark-langx-ns": "git+https://github.com/skylark-langx/skylark-langx-ns.git",
        "skylark-langx-objects": "git+https://github.com/skylark-langx/skylark-langx-objects.git",
        "skylark-langx-types": "git+https://github.com/skylark-langx/skylark-langx-types.git"
      }
    },
    "skylark-langx-aspect": {
      "version": "git+https://github.com/skylark-langx/skylark-langx-aspect.git#2afe266ff837267cdb10d41c5c36f2108fad092f",
      "from": "git+https://github.com/skylark-langx/skylark-langx-aspect.git",
      "requires": {
        "skylark-langx-ns": "git+https://github.com/skylark-langx/skylark-langx-ns.git"
      }
    },
    "skylark-langx-async": {
      "version": "git+https://github.com/skylark-langx/skylark-langx-async.git#dffb13922dffb9dc5fa1e96df08a57b2449bc20f",
      "from": "git+https://github.com/skylark-langx/skylark-langx-async.git",
      "requires": {
        "skylark-langx-arrays": "git+https://github.com/skylark-langx/skylark-langx-arrays.git",
        "skylark-langx-funcs": "git+https://github.com/skylark-langx/skylark-langx-funcs.git",
        "skylark-langx-ns": "git+https://github.com/skylark-langx/skylark-langx-ns.git",
        "skylark-langx-objects": "git+https://github.com/skylark-langx/skylark-langx-objects.git",
        "skylark-langx-types": "git+https://github.com/skylark-langx/skylark-langx-types.git"
      }
    },
    "skylark-langx-binary": {
      "version": "git+https://github.com/skylark-langx/skylark-langx-binary.git#f3f87a84d5389a494403faf4533ef55c5fbad83e",
      "from": "git+https://github.com/skylark-langx/skylark-langx-binary.git",
      "requires": {
        "skylark-langx-ns": "git+https://github.com/skylark-langx/skylark-langx-ns.git",
        "skylark-langx-types": "git+https://github.com/skylark-langx/skylark-langx-types.git"
      }
    },
    "skylark-langx-constructs": {
      "version": "git+https://github.com/skylark-langx/skylark-langx-constructs.git#ee0a63c280686b69f4b75e7cbd3afef2c4b497d8",
      "from": "git+https://github.com/skylark-langx/skylark-langx-constructs.git",
      "requires": {
        "skylark-langx-arrays": "git+https://github.com/skylark-langx/skylark-langx-arrays.git",
        "skylark-langx-ns": "git+https://github.com/skylark-langx/skylark-langx-ns.git",
        "skylark-langx-objects": "git+https://github.com/skylark-langx/skylark-langx-objects.git",
        "skylark-langx-types": "git+https://github.com/skylark-langx/skylark-langx-types.git"
      }
    },
    "skylark-langx-datetimes": {
      "version": "git+https://github.com/skylark-langx/skylark-langx-datetimes.git#261efac02857684683f4037ff4a01707157b52bc",
      "from": "git+https://github.com/skylark-langx/skylark-langx-datetimes.git",
      "requires": {
        "skylark-langx-ns": "git+https://github.com/skylark-langx/skylark-langx-ns.git"
      }
    },
    "skylark-langx-emitter": {
      "version": "git+https://github.com/skylark-langx/skylark-langx-emitter.git#cb3ba7706e156a50bb45122c82cf951419aebfd3",
      "from": "git+https://github.com/skylark-langx/skylark-langx-emitter.git",
      "requires": {
        "skylark-langx-events": "git+https://github.com/skylark-langx/skylark-langx-events.git"
      }
    },
    "skylark-langx-events": {
      "version": "git+https://github.com/skylark-langx/skylark-langx-events.git#1406ecebc5bb47309e2f6a07c472f41cedf9cddd",
      "from": "git+https://github.com/skylark-langx/skylark-langx-events.git",
      "requires": {
        "skylark-langx-arrays": "git+https://github.com/skylark-langx/skylark-langx-arrays.git",
        "skylark-langx-funcs": "git+https://github.com/skylark-langx/skylark-langx-funcs.git",
        "skylark-langx-hoster": "git+https://github.com/skylark-langx/skylark-langx-hoster.git",
        "skylark-langx-klass": "git+https://github.com/skylark-langx/skylark-langx-klass.git",
        "skylark-langx-ns": "git+https://github.com/skylark-langx/skylark-langx-ns.git",
        "skylark-langx-objects": "git+https://github.com/skylark-langx/skylark-langx-objects.git",
        "skylark-langx-types": "git+https://github.com/skylark-langx/skylark-langx-types.git"
      }
    },
    "skylark-langx-funcs": {
      "version": "git+https://github.com/skylark-langx/skylark-langx-funcs.git#c5cd2480b1b02875dc23ecd61a481a47d5f0d237",
      "from": "git+https://github.com/skylark-langx/skylark-langx-funcs.git",
      "requires": {
        "skylark-langx-ns": "git+https://github.com/skylark-langx/skylark-langx-ns.git",
        "skylark-langx-objects": "git+https://github.com/skylark-langx/skylark-langx-objects.git",
        "skylark-langx-types": "git+https://github.com/skylark-langx/skylark-langx-types.git"
      }
    },
    "skylark-langx-globals": {
      "version": "git+https://github.com/skylark-langx/skylark-langx-globals.git#8de8afc98dc1f49131c1ccb30346314bc5535461",
      "from": "git+https://github.com/skylark-langx/skylark-langx-globals.git",
      "requires": {
        "skylark-langx-ns": "git+https://github.com/skylark-langx/skylark-langx-ns.git"
      }
    },
    "skylark-langx-hoster": {
      "version": "git+https://github.com/skylark-langx/skylark-langx-hoster.git#c71f91c9124089d7e5ef065cd5f50698fdd51eda",
      "from": "git+https://github.com/skylark-langx/skylark-langx-hoster.git",
      "requires": {
        "skylark-langx-ns": "git+https://github.com/skylark-langx/skylark-langx-ns.git"
      }
    },
    "skylark-langx-klass": {
      "version": "git+https://github.com/skylark-langx/skylark-langx-klass.git#4e9ab6a46f5f190bd89d98505374a1f5f9764bfd",
      "from": "git+https://github.com/skylark-langx/skylark-langx-klass.git",
      "requires": {
        "skylark-langx-constructs": "git+https://github.com/skylark-langx/skylark-langx-constructs.git",
        "skylark-langx-ns": "git+https://github.com/skylark-langx/skylark-langx-ns.git"
      }
    },
    "skylark-langx-maths": {
      "version": "git+https://github.com/skylark-langx/skylark-langx-maths.git#1cacabf66adb0635f61e4f3cee613b7794b7100c",
      "from": "git+https://github.com/skylark-langx/skylark-langx-maths.git",
      "requires": {
        "skylark-langx-ns": "git+https://github.com/skylark-langx/skylark-langx-ns.git",
        "skylark-langx-types": "git+https://github.com/skylark-langx/skylark-langx-types.git"
      }
    },
    "skylark-langx-ns": {
      "version": "git+https://github.com/skylark-langx/skylark-langx-ns.git#d2f65ea33f7eaa884e6d7cdfbf11cc88455f3d84",
      "from": "git+https://github.com/skylark-langx/skylark-langx-ns.git"
    },
    "skylark-langx-numerics": {
      "version": "git+https://github.com/skylark-langx/skylark-langx-numerics.git#7513e4b846f9868564d889ac25f0129436a09f5b",
      "from": "git+https://github.com/skylark-langx/skylark-langx-numerics.git",
      "requires": {
        "skylark-langx-klass": "git+https://github.com/skylark-langx/skylark-langx-klass.git",
        "skylark-langx-ns": "git+https://github.com/skylark-langx/skylark-langx-ns.git",
        "skylark-langx-types": "git+https://github.com/skylark-langx/skylark-langx-types.git"
      }
    },
    "skylark-langx-objects": {
      "version": "git+https://github.com/skylark-langx/skylark-langx-objects.git#d0a0e431b2e4f98befddfe0ff0239d61b94f2b6c",
      "from": "git+https://github.com/skylark-langx/skylark-langx-objects.git",
      "requires": {
        "skylark-langx-ns": "git+https://github.com/skylark-langx/skylark-langx-ns.git",
        "skylark-langx-types": "git+https://github.com/skylark-langx/skylark-langx-types.git"
      }
    },
    "skylark-langx-scripter": {
      "version": "git+https://github.com/skylark-langx/skylark-langx-scripter.git#e0aca213810a5f976b6bef6e52acae98fd6628b9",
      "from": "git+https://github.com/skylark-langx/skylark-langx-scripter.git",
      "requires": {
        "skylark-langx": "git+https://github.com/skylark-langx/skylark-langx.git"
      }
    },
    "skylark-langx-strings": {
      "version": "git+https://github.com/skylark-langx/skylark-langx-strings.git#70de8720e110be5ddc9af601f2bf637438c06998",
      "from": "git+https://github.com/skylark-langx/skylark-langx-strings.git",
      "requires": {
        "skylark-langx-ns": "git+https://github.com/skylark-langx/skylark-langx-ns.git"
      }
    },
    "skylark-langx-topic": {
      "version": "git+https://github.com/skylark-langx/skylark-langx-topic.git#94bd4cd51d05a0f34d6936f4af557108ee3ce950",
      "from": "git+https://github.com/skylark-langx/skylark-langx-topic.git",
      "requires": {
        "skylark-langx-emitter": "git+https://github.com/skylark-langx/skylark-langx-emitter.git",
        "skylark-langx-ns": "git+https://github.com/skylark-langx/skylark-langx-ns.git"
      }
    },
    "skylark-langx-types": {
      "version": "git+https://github.com/skylark-langx/skylark-langx-types.git#089139e438d626f19b15170fbb9623e295c2cba1",
      "from": "git+https://github.com/skylark-langx/skylark-langx-types.git",
      "requires": {
        "skylark-langx-ns": "git+https://github.com/skylark-langx/skylark-langx-ns.git"
      }
    },
    "skylark-langx-urls": {
      "version": "git+https://github.com/skylark-langx/skylark-langx-urls.git#5c9f3120affbd2dcccc9903d610f3580aae6c860",
      "from": "git+https://github.com/skylark-langx/skylark-langx-urls.git",
      "requires": {
        "skylark-langx-constructs": "git+https://github.com/skylark-langx/skylark-langx-constructs.git",
        "skylark-langx-ns": "git+https://github.com/skylark-langx/skylark-langx-ns.git",
        "skylark-langx-objects": "git+https://github.com/skylark-langx/skylark-langx-objects.git",
        "skylark-langx-strings": "git+https://github.com/skylark-langx/skylark-langx-strings.git",
        "skylark-langx-types": "git+https://github.com/skylark-langx/skylark-langx-types.git"
      }
    },
    "skylark-net-http": {
      "version": "git+https://github.com/skylark-net/skylark-net-http.git#6aadc19d8427156d7a76bd6b489b3f8a93198a5b",
      "from": "git+https://github.com/skylark-net/skylark-net-http.git",
      "requires": {
        "skylark-langx-arrays": "git+https://github.com/skylark-langx/skylark-langx-arrays.git",
        "skylark-langx-async": "git+https://github.com/skylark-langx/skylark-langx-async.git",
        "skylark-langx-emitter": "git+https://github.com/skylark-langx/skylark-langx-emitter.git",
        "skylark-langx-funcs": "git+https://github.com/skylark-langx/skylark-langx-funcs.git",
        "skylark-langx-ns": "git+https://github.com/skylark-langx/skylark-langx-ns.git",
        "skylark-langx-objects": "git+https://github.com/skylark-langx/skylark-langx-objects.git",
        "skylark-langx-strings": "git+https://github.com/skylark-langx/skylark-langx-strings.git",
        "skylark-langx-types": "git+https://github.com/skylark-langx/skylark-langx-types.git",
        "skylark-langx-urls": "git+https://github.com/skylark-langx/skylark-langx-urls.git"
      }
    }
  }
}
